
Microsoft Visual Studio Solution File, Format Version 12.00
# Visual Studio Version 17
VisualStudioVersion = 17.0.31903.59
MinimumVisualStudioVersion = 10.0.40219.1
Project("{FAE04EC0-301F-11D3-BF4B-00C04F79EFBC}") = "Tag1", "Tag1\Tag1.csproj", "{AFAA4881-5322-4B02-8AB3-F9CAB3D6AA72}"
EndProject
Project("{FAE04EC0-301F-11D3-BF4B-00C04F79EFBC}") = "Tag3", "Tag3\Tag3.csproj", "{0DDD026C-A393-4E43-8368-702E3984261B}"
EndProject
Project("{FAE04EC0-301F-11D3-BF4B-00C04F79EFBC}") = "Tag8", "Tag8\Tag8.csproj", "{A01D099E-05C8-4DB2-B948-28D4F2102DE6}"
EndProject
Project("{FAE04EC0-301F-11D3-BF4B-00C04F79EFBC}") = "Tag9", "Tag9\Tag9.csproj", "{CA664966-E7C1-4CA2-9C34-A373F948C786}"
EndProject
Project("{FAE04EC0-301F-11D3-BF4B-00C04F79EFBC}") = "Tag10", "Tag10\Tag10.csproj", "{5DF5948D-586D-40FF-AF38-F7339F9491E9}"
EndProject
Global
	GlobalSection(SolutionConfigurationPlatforms) = preSolution
		Debug|Any CPU = Debug|Any CPU
		Release|Any CPU = Release|Any CPU
	EndGlobalSection
	GlobalSection(SolutionProperties) = preSolution
		HideSolutionNode = FALSE
	EndGlobalSection
	GlobalSection(ProjectConfigurationPlatforms) = postSolution
		{AFAA4881-5322-4B02-8AB3-F9CAB3D6AA72}.Debug|Any CPU.ActiveCfg = Debug|Any CPU
		{AFAA4881-5322-4B02-8AB3-F9CAB3D6AA72}.Debug|Any CPU.Build.0 = Debug|Any CPU
		{AFAA4881-5322-4B02-8AB3-F9CAB3D6AA72}.Release|Any CPU.ActiveCfg = Release|Any CPU
		{AFAA4881-5322-4B02-8AB3-F9CAB3D6AA72}.Release|Any CPU.Build.0 = Release|Any CPU
		{0DDD026C-A393-4E43-8368-702E3984261B}.Debug|Any CPU.ActiveCfg = Debug|Any CPU
		{0DDD026C-A393-4E43-8368-702E3984261B}.Debug|Any CPU.Build.0 = Debug|Any CPU
		{0DDD026C-A393-4E43-8368-702E3984261B}.Release|Any CPU.ActiveCfg = Release|Any CPU
		{0DDD026C-A393-4E43-8368-702E3984261B}.Release|Any CPU.Build.0 = Release|Any CPU
		{A01D099E-05C8-4DB2-B948-28D4F2102DE6}.Debug|Any CPU.ActiveCfg = Debug|Any CPU
		{A01D099E-05C8-4DB2-B948-28D4F2102DE6}.Debug|Any CPU.Build.0 = Debug|Any CPU
		{A01D099E-05C8-4DB2-B948-28D4F2102DE6}.Release|Any CPU.ActiveCfg = Release|Any CPU
		{A01D099E-05C8-4DB2-B948-28D4F2102DE6}.Release|Any CPU.Build.0 = Release|Any CPU
		{CA664966-E7C1-4CA2-9C34-A373F948C786}.Debug|Any CPU.ActiveCfg = Debug|Any CPU
		{CA664966-E7C1-4CA2-9C34-A373F948C786}.Debug|Any CPU.Build.0 = Debug|Any CPU
		{CA664966-E7C1-4CA2-9C34-A373F948C786}.Release|Any CPU.ActiveCfg = Release|Any CPU
		{CA664966-E7C1-4CA2-9C34-A373F948C786}.Release|Any CPU.Build.0 = Release|Any CPU
		{5DF5948D-586D-40FF-AF38-F7339F9491E9}.Debug|Any CPU.ActiveCfg = Debug|Any CPU
		{5DF5948D-586D-40FF-AF38-F7339F9491E9}.Debug|Any CPU.Build.0 = Debug|Any CPU
		{5DF5948D-586D-40FF-AF38-F7339F9491E9}.Release|Any CPU.ActiveCfg = Release|Any CPU
		{5DF5948D-586D-40FF-AF38-F7339F9491E9}.Release|Any CPU.Build.0 = Release|Any CPU
	EndGlobalSection
EndGlobal
